
Microsoft Visual Studio Solution File, Format Version 12.00
# Visual Studio Version 16
VisualStudioVersion = 16.0.30907.101
MinimumVisualStudioVersion = 10.0.40219.1
Project("{FAE04EC0-301F-11D3-BF4B-00C04F79EFBC}") = "EVGAMCUTOOL", "EVGAMCUTOOL.csproj", "{6898D472-6155-45BB-8A01-FD3626A9518A}"
EndProject
Global
	GlobalSection(SolutionConfigurationPlatforms) = preSolution
		Debug|Any CPU = Debug|Any CPU
		Release|Any CPU = Release|Any CPU
	EndGlobalSection
	GlobalSection(ProjectConfigurationPlatforms) = postSolution
		{6898D472-6155-45BB-8A01-FD3626A9518A}.Debug|Any CPU.ActiveCfg = Debug|Any CPU
		{6898D472-6155-45BB-8A01-FD3626A9518A}.Debug|Any CPU.Build.0 = Debug|Any CPU
		{6898D472-6155-45BB-8A01-FD3626A9518A}.Release|Any CPU.ActiveCfg = Release|Any CPU
		{6898D472-6155-45BB-8A01-FD3626A9518A}.Release|Any CPU.Build.0 = Release|Any CPU
	EndGlobalSection
	GlobalSection(SolutionProperties) = preSolution
		HideSolutionNode = FALSE
	EndGlobalSection
	GlobalSection(ExtensibilityGlobals) = postSolution
		SolutionGuid = {9ADE9D91-922E-48A3-8304-7EC709091F0F}
	EndGlobalSection
EndGlobal
